
Microsoft Visual Studio Solution File, Format Version 12.00
# Visual Studio Version 17
VisualStudioVersion = 17.13.35731.43
MinimumVisualStudioVersion = 10.0.40219.1
Project("{FAE04EC0-301F-11D3-BF4B-00C04F79EFBC}") = "SimpleNavigator", "SimpleNavigator\SimpleNavigator.csproj", "{DB8B45ED-EFC8-4285-88B3-1947415C6507}"
EndProject
Global
	GlobalSection(SolutionConfigurationPlatforms) = preSolution
		Debug|Any CPU = Debug|Any CPU
		Release|Any CPU = Release|Any CPU
	EndGlobalSection
	GlobalSection(ProjectConfigurationPlatforms) = postSolution
		{DB8B45ED-EFC8-4285-88B3-1947415C6507}.Debug|Any CPU.ActiveCfg = Debug|Any CPU
		{DB8B45ED-EFC8-4285-88B3-1947415C6507}.Debug|Any CPU.Build.0 = Debug|Any CPU
		{DB8B45ED-EFC8-4285-88B3-1947415C6507}.Debug|Any CPU.Deploy.0 = Debug|Any CPU
		{DB8B45ED-EFC8-4285-88B3-1947415C6507}.Release|Any CPU.ActiveCfg = Release|Any CPU
		{DB8B45ED-EFC8-4285-88B3-1947415C6507}.Release|Any CPU.Build.0 = Release|Any CPU
	EndGlobalSection
	GlobalSection(SolutionProperties) = preSolution
		HideSolutionNode = FALSE
	EndGlobalSection
	GlobalSection(ExtensibilityGlobals) = postSolution
		SolutionGuid = {2D521E1F-4633-4734-A522-260BDB396A15}
	EndGlobalSection
EndGlobal
